{
  "version": 4,
  "terraform_version": "0.15.3",
  "serial": 271,
  "lineage": "80749159-f98e-43b6-dbfd-25dc61838476",
  "outputs": {
    "public_subnets_cidr_blocks": {
      "value": [
        "192.168.0.0/20",
        "192.168.16.0/20"
      ],
      "type": [
        "tuple",
        [
          "string",
          "string"
        ]
      ]
    },
    "public_subnets_id": {
      "value": [
        "subnet-0c60fa6514e4e3e61",
        "subnet-0c623e74b80012afd"
      ],
      "type": [
        "tuple",
        [
          "string",
          "string"
        ]
      ]
    },
    "vpc_arn": {
      "value": "arn:aws:ec2:us-west-1:366723840562:vpc/vpc-002adae97ef3097e9",
      "type": "string"
    },
    "vpc_cidr_block": {
      "value": "192.168.0.0/16",
      "type": "string"
    },
    "vpc_id": {
      "value": "vpc-002adae97ef3097e9",
      "type": "string"
    }
  },
  "resources": [
    {
      "mode": "data",
      "type": "aws_availability_zones",
      "name": "available",
      "provider": "provider[\"registry.terraform.io/hashicorp/aws\"]",
      "instances": [
        {
          "schema_version": 0,
          "attributes": {
            "all_availability_zones": null,
            "exclude_names": null,
            "exclude_zone_ids": null,
            "filter": null,
            "group_names": [
              "us-west-1"
            ],
            "id": "us-west-1",
            "names": [
              "us-west-1b",
              "us-west-1c"
            ],
            "state": "available",
            "zone_ids": [
              "usw1-az3",
              "usw1-az1"
            ]
          },
          "sensitive_attributes": []
        }
      ]
    },
    {
      "mode": "managed",
      "type": "aws_internet_gateway",
      "name": "main",
      "provider": "provider[\"registry.terraform.io/hashicorp/aws\"]",
      "instances": [
        {
          "schema_version": 0,
          "attributes": {
            "arn": "arn:aws:ec2:us-west-1:366723840562:internet-gateway/igw-0116cada7e16d60db",
            "id": "igw-0116cada7e16d60db",
            "owner_id": "366723840562",
            "tags": {
              "Name": "internet_gateway_test"
            },
            "tags_all": {
              "Name": "internet_gateway_test"
            },
            "vpc_id": "vpc-002adae97ef3097e9"
          },
          "sensitive_attributes": [],
          "private": "bnVsbA==",
          "dependencies": [
            "aws_vpc.this"
          ]
        }
      ]
    },
    {
      "mode": "managed",
      "type": "aws_route_table",
      "name": "public",
      "provider": "provider[\"registry.terraform.io/hashicorp/aws\"]",
      "instances": [
        {
          "schema_version": 0,
          "attributes": {
            "arn": "arn:aws:ec2:us-west-1:366723840562:route-table/rtb-0f8ec4d44ac03a97f",
            "id": "rtb-0f8ec4d44ac03a97f",
            "owner_id": "366723840562",
            "propagating_vgws": [],
            "route": [
              {
                "carrier_gateway_id": "",
                "cidr_block": "0.0.0.0/0",
                "destination_prefix_list_id": "",
                "egress_only_gateway_id": "",
                "gateway_id": "igw-0116cada7e16d60db",
                "instance_id": "",
                "ipv6_cidr_block": "",
                "local_gateway_id": "",
                "nat_gateway_id": "",
                "network_interface_id": "",
                "transit_gateway_id": "",
                "vpc_endpoint_id": "",
                "vpc_peering_connection_id": ""
              }
            ],
            "tags": {
              "Name": "public"
            },
            "tags_all": {
              "Name": "public"
            },
            "vpc_id": "vpc-002adae97ef3097e9"
          },
          "sensitive_attributes": [],
          "private": "bnVsbA==",
          "dependencies": [
            "aws_internet_gateway.main",
            "aws_vpc.this"
          ]
        }
      ]
    },
    {
      "mode": "managed",
      "type": "aws_route_table_association",
      "name": "public",
      "provider": "provider[\"registry.terraform.io/hashicorp/aws\"]",
      "instances": [
        {
          "index_key": 0,
          "schema_version": 0,
          "attributes": {
            "gateway_id": null,
            "id": "rtbassoc-001004936ab0ba02c",
            "route_table_id": "rtb-0f8ec4d44ac03a97f",
            "subnet_id": "subnet-0c60fa6514e4e3e61"
          },
          "sensitive_attributes": [],
          "private": "bnVsbA==",
          "dependencies": [
            "aws_internet_gateway.main",
            "aws_route_table.public",
            "aws_subnet.public",
            "aws_vpc.this",
            "data.aws_availability_zones.available"
          ]
        },
        {
          "index_key": 1,
          "schema_version": 0,
          "attributes": {
            "gateway_id": null,
            "id": "rtbassoc-0c4f52f4bffbcd1fc",
            "route_table_id": "rtb-0f8ec4d44ac03a97f",
            "subnet_id": "subnet-0c623e74b80012afd"
          },
          "sensitive_attributes": [],
          "private": "bnVsbA==",
          "dependencies": [
            "aws_internet_gateway.main",
            "aws_route_table.public",
            "aws_subnet.public",
            "aws_vpc.this",
            "data.aws_availability_zones.available"
          ]
        }
      ]
    },
    {
      "mode": "managed",
      "type": "aws_subnet",
      "name": "public",
      "provider": "provider[\"registry.terraform.io/hashicorp/aws\"]",
      "instances": [
        {
          "index_key": 0,
          "schema_version": 1,
          "attributes": {
            "arn": "arn:aws:ec2:us-west-1:366723840562:subnet/subnet-0c60fa6514e4e3e61",
            "assign_ipv6_address_on_creation": false,
            "availability_zone": "us-west-1b",
            "availability_zone_id": "usw1-az3",
            "cidr_block": "192.168.0.0/20",
            "customer_owned_ipv4_pool": "",
            "id": "subnet-0c60fa6514e4e3e61",
            "ipv6_cidr_block": "",
            "ipv6_cidr_block_association_id": "",
            "map_customer_owned_ip_on_launch": false,
            "map_public_ip_on_launch": true,
            "outpost_arn": "",
            "owner_id": "366723840562",
            "tags": {
              "Name": "subnet_testing-5dhxSv/us-west-1b"
            },
            "tags_all": {
              "Name": "subnet_testing-5dhxSv/us-west-1b"
            },
            "timeouts": null,
            "vpc_id": "vpc-002adae97ef3097e9"
          },
          "sensitive_attributes": [],
          "private": "eyJlMmJmYjczMC1lY2FhLTExZTYtOGY4OC0zNDM2M2JjN2M0YzAiOnsiY3JlYXRlIjo2MDAwMDAwMDAwMDAsImRlbGV0ZSI6MTIwMDAwMDAwMDAwMH0sInNjaGVtYV92ZXJzaW9uIjoiMSJ9",
          "dependencies": [
            "aws_vpc.this",
            "data.aws_availability_zones.available"
          ]
        },
        {
          "index_key": 1,
          "schema_version": 1,
          "attributes": {
            "arn": "arn:aws:ec2:us-west-1:366723840562:subnet/subnet-0c623e74b80012afd",
            "assign_ipv6_address_on_creation": false,
            "availability_zone": "us-west-1c",
            "availability_zone_id": "usw1-az1",
            "cidr_block": "192.168.16.0/20",
            "customer_owned_ipv4_pool": "",
            "id": "subnet-0c623e74b80012afd",
            "ipv6_cidr_block": "",
            "ipv6_cidr_block_association_id": "",
            "map_customer_owned_ip_on_launch": false,
            "map_public_ip_on_launch": true,
            "outpost_arn": "",
            "owner_id": "366723840562",
            "tags": {
              "Name": "subnet_testing-5dhxSv/us-west-1c"
            },
            "tags_all": {
              "Name": "subnet_testing-5dhxSv/us-west-1c"
            },
            "timeouts": null,
            "vpc_id": "vpc-002adae97ef3097e9"
          },
          "sensitive_attributes": [],
          "private": "eyJlMmJmYjczMC1lY2FhLTExZTYtOGY4OC0zNDM2M2JjN2M0YzAiOnsiY3JlYXRlIjo2MDAwMDAwMDAwMDAsImRlbGV0ZSI6MTIwMDAwMDAwMDAwMH0sInNjaGVtYV92ZXJzaW9uIjoiMSJ9",
          "dependencies": [
            "aws_vpc.this",
            "data.aws_availability_zones.available"
          ]
        }
      ]
    },
    {
      "mode": "managed",
      "type": "aws_vpc",
      "name": "this",
      "provider": "provider[\"registry.terraform.io/hashicorp/aws\"]",
      "instances": [
        {
          "schema_version": 1,
          "attributes": {
            "arn": "arn:aws:ec2:us-west-1:366723840562:vpc/vpc-002adae97ef3097e9",
            "assign_generated_ipv6_cidr_block": false,
            "cidr_block": "192.168.0.0/16",
            "default_network_acl_id": "acl-0d2bc8de094b13162",
            "default_route_table_id": "rtb-06f27a062ef1b3d1f",
            "default_security_group_id": "sg-0ad0e7000582231e0",
            "dhcp_options_id": "dopt-5f79bb39",
            "enable_classiclink": false,
            "enable_classiclink_dns_support": false,
            "enable_dns_hostnames": true,
            "enable_dns_support": true,
            "id": "vpc-002adae97ef3097e9",
            "instance_tenancy": "default",
            "ipv6_association_id": "",
            "ipv6_cidr_block": "",
            "main_route_table_id": "rtb-06f27a062ef1b3d1f",
            "owner_id": "366723840562",
            "tags": {
              "Name": "vpc_test"
            },
            "tags_all": {
              "Name": "vpc_test"
            }
          },
          "sensitive_attributes": [],
          "private": "eyJzY2hlbWFfdmVyc2lvbiI6IjEifQ=="
        }
      ]
    }
  ]
}
