{
  "version": 4,
  "terraform_version": "0.15.3",
  "serial": 3,
  "lineage": "ba232db8-f5bf-f97a-3685-759940a2929a",
  "outputs": {},
  "resources": [
    {
      "mode": "managed",
      "type": "aws_instance",
      "name": "ec2",
      "provider": "provider[\"registry.terraform.io/hashicorp/aws\"]",
      "instances": [
        {
          "index_key": "subnet-1dde2f42",
          "schema_version": 1,
          "attributes": {
            "ami": "ami-035376eb10a5bff01",
            "arn": "arn:aws:ec2:ca-central-1:366723840562:instance/i-04eff5d7b4d01a2d7",
            "associate_public_ip_address": true,
            "availability_zone": "ca-central-1d",
            "cpu_core_count": 1,
            "cpu_threads_per_core": 2,
            "credit_specification": [
              {
                "cpu_credits": "unlimited"
              }
            ],
            "disable_api_termination": false,
            "ebs_block_device": [],
            "ebs_optimized": false,
            "enclave_options": [
              {
                "enabled": false
              }
            ],
            "ephemeral_block_device": [],
            "get_password_data": false,
            "hibernation": false,
            "host_id": null,
            "iam_instance_profile": "",
            "id": "i-04eff5d7b4d01a2d7",
            "instance_initiated_shutdown_behavior": "stop",
            "instance_state": "running",
            "instance_type": "t3.micro",
            "ipv6_address_count": 0,
            "ipv6_addresses": [],
            "key_name": "",
            "metadata_options": [
              {
                "http_endpoint": "enabled",
                "http_put_response_hop_limit": 1,
                "http_tokens": "optional"
              }
            ],
            "monitoring": false,
            "network_interface": [],
            "outpost_arn": "",
            "password_data": "",
            "placement_group": "",
            "primary_network_interface_id": "eni-0a6f6805401e70222",
            "private_dns": "ip-172-31-34-90.ca-central-1.compute.internal",
            "private_ip": "172.31.34.90",
            "public_dns": "ec2-3-96-1-26.ca-central-1.compute.amazonaws.com",
            "public_ip": "3.96.1.26",
            "root_block_device": [
              {
                "delete_on_termination": true,
                "device_name": "/dev/xvda",
                "encrypted": false,
                "iops": 100,
                "kms_key_id": "",
                "tags": {},
                "throughput": 0,
                "volume_id": "vol-07dbda66d39ce95a1",
                "volume_size": 8,
                "volume_type": "gp2"
              }
            ],
            "secondary_private_ips": [],
            "security_groups": [
              "default"
            ],
            "source_dest_check": true,
            "subnet_id": "subnet-1dde2f42",
            "tags": {
              "Name": "XLWuh9/subnet-1dde2f42"
            },
            "tags_all": {
              "Name": "XLWuh9/subnet-1dde2f42"
            },
            "tenancy": "default",
            "timeouts": null,
            "user_data": "93faf098a13b043bb03f57bf2e1ec8960655de4e",
            "user_data_base64": null,
            "volume_tags": null,
            "vpc_security_group_ids": [
              "sg-fa6b4283"
            ]
          },
          "sensitive_attributes": [],
          "private": "eyJlMmJmYjczMC1lY2FhLTExZTYtOGY4OC0zNDM2M2JjN2M0YzAiOnsiY3JlYXRlIjo2MDAwMDAwMDAwMDAsImRlbGV0ZSI6MTIwMDAwMDAwMDAwMCwidXBkYXRlIjo2MDAwMDAwMDAwMDB9LCJzY2hlbWFfdmVyc2lvbiI6IjEifQ=="
        }
      ]
    }
  ]
}
